
Microsoft Visual Studio Solution File, Format Version 12.00
# Visual Studio Version 17
VisualStudioVersion = 17.5.33127.37
MinimumVisualStudioVersion = 10.0.40219.1
Project("{FAE04EC0-301F-11D3-BF4B-00C04F79EFBC}") = "ExampleDebuggee", "ExampleDebuggee.csproj", "{5CF8BA3F-0871-4006-9FE1-7F39CC98CA3F}"
EndProject
Global
	GlobalSection(SolutionConfigurationPlatforms) = preSolution
		Debug|Any CPU = Debug|Any CPU
		Release|Any CPU = Release|Any CPU
	EndGlobalSection
	GlobalSection(ProjectConfigurationPlatforms) = postSolution
		{5CF8BA3F-0871-4006-9FE1-7F39CC98CA3F}.Debug|Any CPU.ActiveCfg = Debug|Any CPU
		{5CF8BA3F-0871-4006-9FE1-7F39CC98CA3F}.Debug|Any CPU.Build.0 = Debug|Any CPU
		{5CF8BA3F-0871-4006-9FE1-7F39CC98CA3F}.Release|Any CPU.ActiveCfg = Release|Any CPU
		{5CF8BA3F-0871-4006-9FE1-7F39CC98CA3F}.Release|Any CPU.Build.0 = Release|Any CPU
	EndGlobalSection
	GlobalSection(SolutionProperties) = preSolution
		HideSolutionNode = FALSE
	EndGlobalSection
	GlobalSection(ExtensibilityGlobals) = postSolution
		SolutionGuid = {9CB50F89-A816-47E9-8D45-49B13D9F02DE}
	EndGlobalSection
EndGlobal
