
Microsoft Visual Studio Solution File, Format Version 12.00
# Visual Studio Version 17
VisualStudioVersion = 17.12.35107.41
MinimumVisualStudioVersion = 10.0.40219.1
Project("{9A19103F-16F7-4668-BE54-9A1E7A4F7556}") = "CsHelloWorld", "CsHelloWorld.csproj", "{68ACBE30-FA75-4D3F-B71D-3AC57F81A49B}"
EndProject
Global
	GlobalSection(SolutionConfigurationPlatforms) = preSolution
		Debug|Any CPU = Debug|Any CPU
		Release|Any CPU = Release|Any CPU
	EndGlobalSection
	GlobalSection(ProjectConfigurationPlatforms) = postSolution
		{68ACBE30-FA75-4D3F-B71D-3AC57F81A49B}.Debug|Any CPU.ActiveCfg = Debug|Any CPU
		{68ACBE30-FA75-4D3F-B71D-3AC57F81A49B}.Debug|Any CPU.Build.0 = Debug|Any CPU
		{68ACBE30-FA75-4D3F-B71D-3AC57F81A49B}.Release|Any CPU.ActiveCfg = Release|Any CPU
		{68ACBE30-FA75-4D3F-B71D-3AC57F81A49B}.Release|Any CPU.Build.0 = Release|Any CPU
	EndGlobalSection
	GlobalSection(SolutionProperties) = preSolution
		HideSolutionNode = FALSE
	EndGlobalSection
	GlobalSection(ExtensibilityGlobals) = postSolution
		SolutionGuid = {D370AE6C-4EB7-4E0D-BC17-2C8F1D32E746}
	EndGlobalSection
EndGlobal
